
Microsoft Visual Studio Solution File, Format Version 12.00
# Visual Studio Version 17
VisualStudioVersion = 17.2.32616.157
MinimumVisualStudioVersion = 10.0.40219.1
Project("{FAE04EC0-301F-11D3-BF4B-00C04F79EFBC}") = "CompaniesDemoMVC", "CompaniesDemoMVC\CompaniesDemoMVC.csproj", "{9264B090-7130-461E-AAD8-4A9BCD4459DD}"
EndProject
Global
	GlobalSection(SolutionConfigurationPlatforms) = preSolution
		Debug|Any CPU = Debug|Any CPU
		Release|Any CPU = Release|Any CPU
	EndGlobalSection
	GlobalSection(ProjectConfigurationPlatforms) = postSolution
		{9264B090-7130-461E-AAD8-4A9BCD4459DD}.Debug|Any CPU.ActiveCfg = Debug|Any CPU
		{9264B090-7130-461E-AAD8-4A9BCD4459DD}.Debug|Any CPU.Build.0 = Debug|Any CPU
		{9264B090-7130-461E-AAD8-4A9BCD4459DD}.Release|Any CPU.ActiveCfg = Release|Any CPU
		{9264B090-7130-461E-AAD8-4A9BCD4459DD}.Release|Any CPU.Build.0 = Release|Any CPU
	EndGlobalSection
	GlobalSection(SolutionProperties) = preSolution
		HideSolutionNode = FALSE
	EndGlobalSection
	GlobalSection(ExtensibilityGlobals) = postSolution
		SolutionGuid = {C53CB908-27C2-4DA3-B622-FC34CB8142B8}
	EndGlobalSection
EndGlobal
